
Microsoft Visual Studio Solution File, Format Version 12.00
# Visual Studio Version 17
VisualStudioVersion = 17.0.31903.59
MinimumVisualStudioVersion = 10.0.40219.1
Project("{FAE04EC0-301F-11D3-BF4B-00C04F79EFBC}") = "AspireYouTubeSummariser.WebApp", "AspireYouTubeSummariser.WebApp\AspireYouTubeSummariser.WebApp.csproj", "{49118891-7B48-41D9-B220-3C7DBD5AA577}"
EndProject
Project("{FAE04EC0-301F-11D3-BF4B-00C04F79EFBC}") = "AspireYouTubeSummariser.ApiApp", "AspireYouTubeSummariser.ApiApp\AspireYouTubeSummariser.ApiApp.csproj", "{7929324A-5A72-4632-8E64-F997959B05B2}"
EndProject
Project("{FAE04EC0-301F-11D3-BF4B-00C04F79EFBC}") = "AspireYouTubeSummariser.AppHost", "AspireYouTubeSummariser.AppHost\AspireYouTubeSummariser.AppHost.csproj", "{7A7A7818-45A5-481C-8D75-AE17797DF9C0}"
EndProject
Project("{FAE04EC0-301F-11D3-BF4B-00C04F79EFBC}") = "AspireYouTubeSummariser.ServiceDefaults", "AspireYouTubeSummariser.ServiceDefaults\AspireYouTubeSummariser.ServiceDefaults.csproj", "{276B82D3-3838-491E-BA74-124340838E1B}"
EndProject
Global
	GlobalSection(SolutionConfigurationPlatforms) = preSolution
		Debug|Any CPU = Debug|Any CPU
		Release|Any CPU = Release|Any CPU
	EndGlobalSection
	GlobalSection(SolutionProperties) = preSolution
		HideSolutionNode = FALSE
	EndGlobalSection
	GlobalSection(ProjectConfigurationPlatforms) = postSolution
		{49118891-7B48-41D9-B220-3C7DBD5AA577}.Debug|Any CPU.ActiveCfg = Debug|Any CPU
		{49118891-7B48-41D9-B220-3C7DBD5AA577}.Debug|Any CPU.Build.0 = Debug|Any CPU
		{49118891-7B48-41D9-B220-3C7DBD5AA577}.Release|Any CPU.ActiveCfg = Release|Any CPU
		{49118891-7B48-41D9-B220-3C7DBD5AA577}.Release|Any CPU.Build.0 = Release|Any CPU
		{7929324A-5A72-4632-8E64-F997959B05B2}.Debug|Any CPU.ActiveCfg = Debug|Any CPU
		{7929324A-5A72-4632-8E64-F997959B05B2}.Debug|Any CPU.Build.0 = Debug|Any CPU
		{7929324A-5A72-4632-8E64-F997959B05B2}.Release|Any CPU.ActiveCfg = Release|Any CPU
		{7929324A-5A72-4632-8E64-F997959B05B2}.Release|Any CPU.Build.0 = Release|Any CPU
		{7A7A7818-45A5-481C-8D75-AE17797DF9C0}.Debug|Any CPU.ActiveCfg = Debug|Any CPU
		{7A7A7818-45A5-481C-8D75-AE17797DF9C0}.Debug|Any CPU.Build.0 = Debug|Any CPU
		{7A7A7818-45A5-481C-8D75-AE17797DF9C0}.Release|Any CPU.ActiveCfg = Release|Any CPU
		{7A7A7818-45A5-481C-8D75-AE17797DF9C0}.Release|Any CPU.Build.0 = Release|Any CPU
		{276B82D3-3838-491E-BA74-124340838E1B}.Debug|Any CPU.ActiveCfg = Debug|Any CPU
		{276B82D3-3838-491E-BA74-124340838E1B}.Debug|Any CPU.Build.0 = Debug|Any CPU
		{276B82D3-3838-491E-BA74-124340838E1B}.Release|Any CPU.ActiveCfg = Release|Any CPU
		{276B82D3-3838-491E-BA74-124340838E1B}.Release|Any CPU.Build.0 = Release|Any CPU
	EndGlobalSection
EndGlobal
