Microsoft Visual Studio Solution File, Format Version 12.00
# Visual Studio Version 17
VisualStudioVersion = 17.8.0.0
MinimumVisualStudioVersion = 17.8.0.0
Project("{9A19103F-16F7-4668-BE54-9A1E7A4F7556}") = "AspireYouTubeSummariser.AppHost", "AspireYouTubeSummariser.AppHost\AspireYouTubeSummariser.AppHost.csproj", "{786B70B1-726C-4F5E-A20C-107607F8143D}"
EndProject
Project("{9A19103F-16F7-4668-BE54-9A1E7A4F7556}") = "AspireYouTubeSummariser.ServiceDefaults", "AspireYouTubeSummariser.ServiceDefaults\AspireYouTubeSummariser.ServiceDefaults.csproj", "{58DF8B7C-1159-42F5-B63A-5B1B0B8AEB94}"
EndProject
Global
	GlobalSection(SolutionConfigurationPlatforms) = preSolution
		Debug|Any CPU = Debug|Any CPU
		Release|Any CPU = Release|Any CPU
	EndGlobalSection
	GlobalSection(ProjectConfigurationPlatforms) = postSolution
		{786B70B1-726C-4F5E-A20C-107607F8143D}.Debug|Any CPU.ActiveCfg = Debug|Any CPU
		{786B70B1-726C-4F5E-A20C-107607F8143D}.Debug|Any CPU.Build.0 = Debug|Any CPU
		{786B70B1-726C-4F5E-A20C-107607F8143D}.Release|Any CPU.ActiveCfg = Release|Any CPU
		{786B70B1-726C-4F5E-A20C-107607F8143D}.Release|Any CPU.Build.0 = Release|Any CPU
		{58DF8B7C-1159-42F5-B63A-5B1B0B8AEB94}.Debug|Any CPU.ActiveCfg = Debug|Any CPU
		{58DF8B7C-1159-42F5-B63A-5B1B0B8AEB94}.Debug|Any CPU.Build.0 = Debug|Any CPU
		{58DF8B7C-1159-42F5-B63A-5B1B0B8AEB94}.Release|Any CPU.ActiveCfg = Release|Any CPU
		{58DF8B7C-1159-42F5-B63A-5B1B0B8AEB94}.Release|Any CPU.Build.0 = Release|Any CPU
	EndGlobalSection
	GlobalSection(SolutionProperties) = preSolution
		HideSolutionNode = FALSE
	EndGlobalSection
	GlobalSection(ExtensibilityGlobals) = postSolution
		SolutionGuid = {0B481CCB-8F6C-4DE8-8F23-6DFD8743CA1F}
	EndGlobalSection
EndGlobal
